
Microsoft Visual Studio Solution File, Format Version 12.00
# Visual Studio 2013
VisualStudioVersion = 12.0.30501.0
MinimumVisualStudioVersion = 10.0.40219.1
Project("{2150E333-8FDC-42A3-9474-1A3956D46DE8}") = "Engine", "Engine", "{52697F94-4244-42C2-AD02-FD9135E5B107}"
EndProject
Project("{8BC9CEB8-8B4A-11D0-8D11-00A0C91BC942}") = "GraphScene", "Engine\GraphScene\GraphScene.vcxproj", "{975A0E1C-6584-4455-8248-AD713565279C}"
EndProject
Project("{8BC9CEB8-8B4A-11D0-8D11-00A0C91BC942}") = "Core", "Engine\Core\Core.vcxproj", "{BBDD489A-2CBD-454B-B360-9B6DC0AE938C}"
EndProject
Project("{8BC9CEB8-8B4A-11D0-8D11-00A0C91BC942}") = "LoaderObj", "Engine\LoaderObj\LoaderObj.vcxproj", "{73EBB401-7F9B-4E88-B382-7604B3302970}"
EndProject
Project("{8BC9CEB8-8B4A-11D0-8D11-00A0C91BC942}") = "Camera", "Engine\Camera\Camera.vcxproj", "{2D0FE5D8-E56B-4AF5-B5B1-E4E7EE68F893}"
EndProject
Project("{8BC9CEB8-8B4A-11D0-8D11-00A0C91BC942}") = "CameraHelper", "Engine\CameraHelper\CameraHelper.vcxproj", "{1DFEE688-474A-4A04-9632-FB3833E25B2E}"
EndProject
Project("{8BC9CEB8-8B4A-11D0-8D11-00A0C91BC942}") = "GL", "Engine\GL\GL.vcxproj", "{4B5CD522-B408-4BE1-9FC3-524F4255900C}"
EndProject
Project("{8BC9CEB8-8B4A-11D0-8D11-00A0C91BC942}") = "Light", "Engine\Light\Light.vcxproj", "{7334FA68-09A8-4454-9AEC-DD8D3DE0E2AF}"
EndProject
Project("{8BC9CEB8-8B4A-11D0-8D11-00A0C91BC942}") = "Image", "Engine\Image\Image.vcxproj", "{0068B223-9508-4710-8669-4520330F8699}"
EndProject
Project("{8BC9CEB8-8B4A-11D0-8D11-00A0C91BC942}") = "Material", "Engine\Material\Material.vcxproj", "{232050EB-09E3-44BE-AABF-F2CF04E1FE20}"
EndProject
Project("{8BC9CEB8-8B4A-11D0-8D11-00A0C91BC942}") = "Mesh", "Engine\Mesh\Mesh.vcxproj", "{FD10EDBB-23B3-492B-B15F-B6374E6806CB}"
EndProject
Project("{8BC9CEB8-8B4A-11D0-8D11-00A0C91BC942}") = "Texture", "Engine\Texture\Texture.vcxproj", "{DED57440-F534-4C40-BCD6-B1ECEC845DBF}"
EndProject
Project("{2150E333-8FDC-42A3-9474-1A3956D46DE8}") = "Tools", "Tools", "{C72F6224-2A01-46EB-A47B-597B24CE6C49}"
EndProject
Project("{8BC9CEB8-8B4A-11D0-8D11-00A0C91BC942}") = "Logger", "Tools\Logger\Logger.vcxproj", "{E99E9C17-649D-426C-B7ED-A0BCEB116333}"
EndProject
Project("{8BC9CEB8-8B4A-11D0-8D11-00A0C91BC942}") = "Engine", "Engine\Engine\Engine.vcxproj", "{42A9B3DD-43F2-4932-8766-2CCD3322F4D7}"
EndProject
Project("{2150E333-8FDC-42A3-9474-1A3956D46DE8}") = "Validation", "Validation", "{A4EA7BF6-B653-40D5-85FE-7438C10AAEEF}"
EndProject
Project("{8BC9CEB8-8B4A-11D0-8D11-00A0C91BC942}") = "Validation", "Validation\Validation\Validation.vcxproj", "{AB888623-7639-40BC-BB07-97D207AF9B9E}"
EndProject
Global
	GlobalSection(SolutionConfigurationPlatforms) = preSolution
		Debug|Mixed Platforms = Debug|Mixed Platforms
		Debug|Win32 = Debug|Win32
		Debug|x64 = Debug|x64
		Release|Mixed Platforms = Release|Mixed Platforms
		Release|Win32 = Release|Win32
		Release|x64 = Release|x64
	EndGlobalSection
	GlobalSection(ProjectConfigurationPlatforms) = postSolution
		{975A0E1C-6584-4455-8248-AD713565279C}.Debug|Mixed Platforms.ActiveCfg = Debug|x64
		{975A0E1C-6584-4455-8248-AD713565279C}.Debug|Mixed Platforms.Build.0 = Debug|x64
		{975A0E1C-6584-4455-8248-AD713565279C}.Debug|Win32.ActiveCfg = Debug|x64
		{975A0E1C-6584-4455-8248-AD713565279C}.Debug|x64.ActiveCfg = Debug|x64
		{975A0E1C-6584-4455-8248-AD713565279C}.Debug|x64.Build.0 = Debug|x64
		{975A0E1C-6584-4455-8248-AD713565279C}.Release|Mixed Platforms.ActiveCfg = Release|x64
		{975A0E1C-6584-4455-8248-AD713565279C}.Release|Mixed Platforms.Build.0 = Release|x64
		{975A0E1C-6584-4455-8248-AD713565279C}.Release|Win32.ActiveCfg = Release|x64
		{975A0E1C-6584-4455-8248-AD713565279C}.Release|x64.ActiveCfg = Release|x64
		{975A0E1C-6584-4455-8248-AD713565279C}.Release|x64.Build.0 = Release|x64
		{BBDD489A-2CBD-454B-B360-9B6DC0AE938C}.Debug|Mixed Platforms.ActiveCfg = Debug|x64
		{BBDD489A-2CBD-454B-B360-9B6DC0AE938C}.Debug|Mixed Platforms.Build.0 = Debug|x64
		{BBDD489A-2CBD-454B-B360-9B6DC0AE938C}.Debug|Win32.ActiveCfg = Debug|x64
		{BBDD489A-2CBD-454B-B360-9B6DC0AE938C}.Debug|x64.ActiveCfg = Debug|x64
		{BBDD489A-2CBD-454B-B360-9B6DC0AE938C}.Debug|x64.Build.0 = Debug|x64
		{BBDD489A-2CBD-454B-B360-9B6DC0AE938C}.Release|Mixed Platforms.ActiveCfg = Release|x64
		{BBDD489A-2CBD-454B-B360-9B6DC0AE938C}.Release|Mixed Platforms.Build.0 = Release|x64
		{BBDD489A-2CBD-454B-B360-9B6DC0AE938C}.Release|Win32.ActiveCfg = Release|x64
		{BBDD489A-2CBD-454B-B360-9B6DC0AE938C}.Release|x64.ActiveCfg = Release|x64
		{BBDD489A-2CBD-454B-B360-9B6DC0AE938C}.Release|x64.Build.0 = Release|x64
		{73EBB401-7F9B-4E88-B382-7604B3302970}.Debug|Mixed Platforms.ActiveCfg = Debug|x64
		{73EBB401-7F9B-4E88-B382-7604B3302970}.Debug|Mixed Platforms.Build.0 = Debug|x64
		{73EBB401-7F9B-4E88-B382-7604B3302970}.Debug|Win32.ActiveCfg = Debug|x64
		{73EBB401-7F9B-4E88-B382-7604B3302970}.Debug|x64.ActiveCfg = Debug|x64
		{73EBB401-7F9B-4E88-B382-7604B3302970}.Debug|x64.Build.0 = Debug|x64
		{73EBB401-7F9B-4E88-B382-7604B3302970}.Release|Mixed Platforms.ActiveCfg = Release|x64
		{73EBB401-7F9B-4E88-B382-7604B3302970}.Release|Mixed Platforms.Build.0 = Release|x64
		{73EBB401-7F9B-4E88-B382-7604B3302970}.Release|Win32.ActiveCfg = Release|x64
		{73EBB401-7F9B-4E88-B382-7604B3302970}.Release|x64.ActiveCfg = Release|x64
		{73EBB401-7F9B-4E88-B382-7604B3302970}.Release|x64.Build.0 = Release|x64
		{2D0FE5D8-E56B-4AF5-B5B1-E4E7EE68F893}.Debug|Mixed Platforms.ActiveCfg = Debug|x64
		{2D0FE5D8-E56B-4AF5-B5B1-E4E7EE68F893}.Debug|Mixed Platforms.Build.0 = Debug|x64
		{2D0FE5D8-E56B-4AF5-B5B1-E4E7EE68F893}.Debug|Win32.ActiveCfg = Debug|x64
		{2D0FE5D8-E56B-4AF5-B5B1-E4E7EE68F893}.Debug|x64.ActiveCfg = Debug|x64
		{2D0FE5D8-E56B-4AF5-B5B1-E4E7EE68F893}.Debug|x64.Build.0 = Debug|x64
		{2D0FE5D8-E56B-4AF5-B5B1-E4E7EE68F893}.Release|Mixed Platforms.ActiveCfg = Release|x64
		{2D0FE5D8-E56B-4AF5-B5B1-E4E7EE68F893}.Release|Mixed Platforms.Build.0 = Release|x64
		{2D0FE5D8-E56B-4AF5-B5B1-E4E7EE68F893}.Release|Win32.ActiveCfg = Release|x64
		{2D0FE5D8-E56B-4AF5-B5B1-E4E7EE68F893}.Release|x64.ActiveCfg = Release|x64
		{2D0FE5D8-E56B-4AF5-B5B1-E4E7EE68F893}.Release|x64.Build.0 = Release|x64
		{1DFEE688-474A-4A04-9632-FB3833E25B2E}.Debug|Mixed Platforms.ActiveCfg = Debug|x64
		{1DFEE688-474A-4A04-9632-FB3833E25B2E}.Debug|Mixed Platforms.Build.0 = Debug|x64
		{1DFEE688-474A-4A04-9632-FB3833E25B2E}.Debug|Win32.ActiveCfg = Debug|x64
		{1DFEE688-474A-4A04-9632-FB3833E25B2E}.Debug|x64.ActiveCfg = Debug|x64
		{1DFEE688-474A-4A04-9632-FB3833E25B2E}.Debug|x64.Build.0 = Debug|x64
		{1DFEE688-474A-4A04-9632-FB3833E25B2E}.Release|Mixed Platforms.ActiveCfg = Release|x64
		{1DFEE688-474A-4A04-9632-FB3833E25B2E}.Release|Mixed Platforms.Build.0 = Release|x64
		{1DFEE688-474A-4A04-9632-FB3833E25B2E}.Release|Win32.ActiveCfg = Release|x64
		{1DFEE688-474A-4A04-9632-FB3833E25B2E}.Release|x64.ActiveCfg = Release|x64
		{1DFEE688-474A-4A04-9632-FB3833E25B2E}.Release|x64.Build.0 = Release|x64
		{4B5CD522-B408-4BE1-9FC3-524F4255900C}.Debug|Mixed Platforms.ActiveCfg = Debug|x64
		{4B5CD522-B408-4BE1-9FC3-524F4255900C}.Debug|Mixed Platforms.Build.0 = Debug|x64
		{4B5CD522-B408-4BE1-9FC3-524F4255900C}.Debug|Win32.ActiveCfg = Debug|x64
		{4B5CD522-B408-4BE1-9FC3-524F4255900C}.Debug|x64.ActiveCfg = Debug|x64
		{4B5CD522-B408-4BE1-9FC3-524F4255900C}.Debug|x64.Build.0 = Debug|x64
		{4B5CD522-B408-4BE1-9FC3-524F4255900C}.Release|Mixed Platforms.ActiveCfg = Release|x64
		{4B5CD522-B408-4BE1-9FC3-524F4255900C}.Release|Mixed Platforms.Build.0 = Release|x64
		{4B5CD522-B408-4BE1-9FC3-524F4255900C}.Release|Win32.ActiveCfg = Release|x64
		{4B5CD522-B408-4BE1-9FC3-524F4255900C}.Release|x64.ActiveCfg = Release|x64
		{4B5CD522-B408-4BE1-9FC3-524F4255900C}.Release|x64.Build.0 = Release|x64
		{7334FA68-09A8-4454-9AEC-DD8D3DE0E2AF}.Debug|Mixed Platforms.ActiveCfg = Debug|x64
		{7334FA68-09A8-4454-9AEC-DD8D3DE0E2AF}.Debug|Mixed Platforms.Build.0 = Debug|x64
		{7334FA68-09A8-4454-9AEC-DD8D3DE0E2AF}.Debug|Win32.ActiveCfg = Debug|x64
		{7334FA68-09A8-4454-9AEC-DD8D3DE0E2AF}.Debug|x64.ActiveCfg = Debug|x64
		{7334FA68-09A8-4454-9AEC-DD8D3DE0E2AF}.Debug|x64.Build.0 = Debug|x64
		{7334FA68-09A8-4454-9AEC-DD8D3DE0E2AF}.Release|Mixed Platforms.ActiveCfg = Release|x64
		{7334FA68-09A8-4454-9AEC-DD8D3DE0E2AF}.Release|Mixed Platforms.Build.0 = Release|x64
		{7334FA68-09A8-4454-9AEC-DD8D3DE0E2AF}.Release|Win32.ActiveCfg = Release|x64
		{7334FA68-09A8-4454-9AEC-DD8D3DE0E2AF}.Release|x64.ActiveCfg = Release|x64
		{7334FA68-09A8-4454-9AEC-DD8D3DE0E2AF}.Release|x64.Build.0 = Release|x64
		{0068B223-9508-4710-8669-4520330F8699}.Debug|Mixed Platforms.ActiveCfg = Debug|x64
		{0068B223-9508-4710-8669-4520330F8699}.Debug|Mixed Platforms.Build.0 = Debug|x64
		{0068B223-9508-4710-8669-4520330F8699}.Debug|Win32.ActiveCfg = Debug|x64
		{0068B223-9508-4710-8669-4520330F8699}.Debug|x64.ActiveCfg = Debug|x64
		{0068B223-9508-4710-8669-4520330F8699}.Debug|x64.Build.0 = Debug|x64
		{0068B223-9508-4710-8669-4520330F8699}.Release|Mixed Platforms.ActiveCfg = Release|x64
		{0068B223-9508-4710-8669-4520330F8699}.Release|Mixed Platforms.Build.0 = Release|x64
		{0068B223-9508-4710-8669-4520330F8699}.Release|Win32.ActiveCfg = Release|x64
		{0068B223-9508-4710-8669-4520330F8699}.Release|x64.ActiveCfg = Release|x64
		{0068B223-9508-4710-8669-4520330F8699}.Release|x64.Build.0 = Release|x64
		{232050EB-09E3-44BE-AABF-F2CF04E1FE20}.Debug|Mixed Platforms.ActiveCfg = Debug|x64
		{232050EB-09E3-44BE-AABF-F2CF04E1FE20}.Debug|Mixed Platforms.Build.0 = Debug|x64
		{232050EB-09E3-44BE-AABF-F2CF04E1FE20}.Debug|Win32.ActiveCfg = Debug|x64
		{232050EB-09E3-44BE-AABF-F2CF04E1FE20}.Debug|x64.ActiveCfg = Debug|x64
		{232050EB-09E3-44BE-AABF-F2CF04E1FE20}.Debug|x64.Build.0 = Debug|x64
		{232050EB-09E3-44BE-AABF-F2CF04E1FE20}.Release|Mixed Platforms.ActiveCfg = Release|x64
		{232050EB-09E3-44BE-AABF-F2CF04E1FE20}.Release|Mixed Platforms.Build.0 = Release|x64
		{232050EB-09E3-44BE-AABF-F2CF04E1FE20}.Release|Win32.ActiveCfg = Release|x64
		{232050EB-09E3-44BE-AABF-F2CF04E1FE20}.Release|x64.ActiveCfg = Release|x64
		{232050EB-09E3-44BE-AABF-F2CF04E1FE20}.Release|x64.Build.0 = Release|x64
		{FD10EDBB-23B3-492B-B15F-B6374E6806CB}.Debug|Mixed Platforms.ActiveCfg = Debug|x64
		{FD10EDBB-23B3-492B-B15F-B6374E6806CB}.Debug|Mixed Platforms.Build.0 = Debug|x64
		{FD10EDBB-23B3-492B-B15F-B6374E6806CB}.Debug|Win32.ActiveCfg = Debug|x64
		{FD10EDBB-23B3-492B-B15F-B6374E6806CB}.Debug|x64.ActiveCfg = Debug|x64
		{FD10EDBB-23B3-492B-B15F-B6374E6806CB}.Debug|x64.Build.0 = Debug|x64
		{FD10EDBB-23B3-492B-B15F-B6374E6806CB}.Release|Mixed Platforms.ActiveCfg = Release|x64
		{FD10EDBB-23B3-492B-B15F-B6374E6806CB}.Release|Mixed Platforms.Build.0 = Release|x64
		{FD10EDBB-23B3-492B-B15F-B6374E6806CB}.Release|Win32.ActiveCfg = Release|x64
		{FD10EDBB-23B3-492B-B15F-B6374E6806CB}.Release|x64.ActiveCfg = Release|x64
		{FD10EDBB-23B3-492B-B15F-B6374E6806CB}.Release|x64.Build.0 = Release|x64
		{DED57440-F534-4C40-BCD6-B1ECEC845DBF}.Debug|Mixed Platforms.ActiveCfg = Debug|x64
		{DED57440-F534-4C40-BCD6-B1ECEC845DBF}.Debug|Mixed Platforms.Build.0 = Debug|x64
		{DED57440-F534-4C40-BCD6-B1ECEC845DBF}.Debug|Win32.ActiveCfg = Debug|x64
		{DED57440-F534-4C40-BCD6-B1ECEC845DBF}.Debug|x64.ActiveCfg = Debug|x64
		{DED57440-F534-4C40-BCD6-B1ECEC845DBF}.Debug|x64.Build.0 = Debug|x64
		{DED57440-F534-4C40-BCD6-B1ECEC845DBF}.Release|Mixed Platforms.ActiveCfg = Release|x64
		{DED57440-F534-4C40-BCD6-B1ECEC845DBF}.Release|Mixed Platforms.Build.0 = Release|x64
		{DED57440-F534-4C40-BCD6-B1ECEC845DBF}.Release|Win32.ActiveCfg = Release|x64
		{DED57440-F534-4C40-BCD6-B1ECEC845DBF}.Release|x64.ActiveCfg = Release|x64
		{DED57440-F534-4C40-BCD6-B1ECEC845DBF}.Release|x64.Build.0 = Release|x64
		{E99E9C17-649D-426C-B7ED-A0BCEB116333}.Debug|Mixed Platforms.ActiveCfg = Debug|x64
		{E99E9C17-649D-426C-B7ED-A0BCEB116333}.Debug|Mixed Platforms.Build.0 = Debug|x64
		{E99E9C17-649D-426C-B7ED-A0BCEB116333}.Debug|Win32.ActiveCfg = Debug|x64
		{E99E9C17-649D-426C-B7ED-A0BCEB116333}.Debug|x64.ActiveCfg = Debug|x64
		{E99E9C17-649D-426C-B7ED-A0BCEB116333}.Debug|x64.Build.0 = Debug|x64
		{E99E9C17-649D-426C-B7ED-A0BCEB116333}.Release|Mixed Platforms.ActiveCfg = Release|x64
		{E99E9C17-649D-426C-B7ED-A0BCEB116333}.Release|Mixed Platforms.Build.0 = Release|x64
		{E99E9C17-649D-426C-B7ED-A0BCEB116333}.Release|Win32.ActiveCfg = Release|x64
		{E99E9C17-649D-426C-B7ED-A0BCEB116333}.Release|x64.ActiveCfg = Release|x64
		{E99E9C17-649D-426C-B7ED-A0BCEB116333}.Release|x64.Build.0 = Release|x64
		{42A9B3DD-43F2-4932-8766-2CCD3322F4D7}.Debug|Mixed Platforms.ActiveCfg = Debug|x64
		{42A9B3DD-43F2-4932-8766-2CCD3322F4D7}.Debug|Mixed Platforms.Build.0 = Debug|x64
		{42A9B3DD-43F2-4932-8766-2CCD3322F4D7}.Debug|Win32.ActiveCfg = Debug|x64
		{42A9B3DD-43F2-4932-8766-2CCD3322F4D7}.Debug|x64.ActiveCfg = Debug|x64
		{42A9B3DD-43F2-4932-8766-2CCD3322F4D7}.Debug|x64.Build.0 = Debug|x64
		{42A9B3DD-43F2-4932-8766-2CCD3322F4D7}.Release|Mixed Platforms.ActiveCfg = Release|x64
		{42A9B3DD-43F2-4932-8766-2CCD3322F4D7}.Release|Mixed Platforms.Build.0 = Release|x64
		{42A9B3DD-43F2-4932-8766-2CCD3322F4D7}.Release|Win32.ActiveCfg = Release|x64
		{42A9B3DD-43F2-4932-8766-2CCD3322F4D7}.Release|x64.ActiveCfg = Release|x64
		{42A9B3DD-43F2-4932-8766-2CCD3322F4D7}.Release|x64.Build.0 = Release|x64
		{AB888623-7639-40BC-BB07-97D207AF9B9E}.Debug|Mixed Platforms.ActiveCfg = Debug|x64
		{AB888623-7639-40BC-BB07-97D207AF9B9E}.Debug|Mixed Platforms.Build.0 = Debug|x64
		{AB888623-7639-40BC-BB07-97D207AF9B9E}.Debug|Win32.ActiveCfg = Debug|x64
		{AB888623-7639-40BC-BB07-97D207AF9B9E}.Debug|x64.ActiveCfg = Debug|x64
		{AB888623-7639-40BC-BB07-97D207AF9B9E}.Debug|x64.Build.0 = Debug|x64
		{AB888623-7639-40BC-BB07-97D207AF9B9E}.Release|Mixed Platforms.ActiveCfg = Release|x64
		{AB888623-7639-40BC-BB07-97D207AF9B9E}.Release|Mixed Platforms.Build.0 = Release|x64
		{AB888623-7639-40BC-BB07-97D207AF9B9E}.Release|Win32.ActiveCfg = Release|x64
		{AB888623-7639-40BC-BB07-97D207AF9B9E}.Release|x64.ActiveCfg = Release|x64
		{AB888623-7639-40BC-BB07-97D207AF9B9E}.Release|x64.Build.0 = Release|x64
	EndGlobalSection
	GlobalSection(SolutionProperties) = preSolution
		HideSolutionNode = FALSE
	EndGlobalSection
	GlobalSection(NestedProjects) = preSolution
		{975A0E1C-6584-4455-8248-AD713565279C} = {52697F94-4244-42C2-AD02-FD9135E5B107}
		{BBDD489A-2CBD-454B-B360-9B6DC0AE938C} = {52697F94-4244-42C2-AD02-FD9135E5B107}
		{73EBB401-7F9B-4E88-B382-7604B3302970} = {52697F94-4244-42C2-AD02-FD9135E5B107}
		{2D0FE5D8-E56B-4AF5-B5B1-E4E7EE68F893} = {52697F94-4244-42C2-AD02-FD9135E5B107}
		{1DFEE688-474A-4A04-9632-FB3833E25B2E} = {52697F94-4244-42C2-AD02-FD9135E5B107}
		{4B5CD522-B408-4BE1-9FC3-524F4255900C} = {52697F94-4244-42C2-AD02-FD9135E5B107}
		{7334FA68-09A8-4454-9AEC-DD8D3DE0E2AF} = {52697F94-4244-42C2-AD02-FD9135E5B107}
		{0068B223-9508-4710-8669-4520330F8699} = {52697F94-4244-42C2-AD02-FD9135E5B107}
		{232050EB-09E3-44BE-AABF-F2CF04E1FE20} = {52697F94-4244-42C2-AD02-FD9135E5B107}
		{FD10EDBB-23B3-492B-B15F-B6374E6806CB} = {52697F94-4244-42C2-AD02-FD9135E5B107}
		{DED57440-F534-4C40-BCD6-B1ECEC845DBF} = {52697F94-4244-42C2-AD02-FD9135E5B107}
		{E99E9C17-649D-426C-B7ED-A0BCEB116333} = {C72F6224-2A01-46EB-A47B-597B24CE6C49}
		{42A9B3DD-43F2-4932-8766-2CCD3322F4D7} = {52697F94-4244-42C2-AD02-FD9135E5B107}
		{AB888623-7639-40BC-BB07-97D207AF9B9E} = {A4EA7BF6-B653-40D5-85FE-7438C10AAEEF}
	EndGlobalSection
EndGlobal
